{
  "version": 4,
  "terraform_version": "1.12.2",
  "serial": 10,
  "lineage": "c724994b-09b4-73bd-9a0c-b8f6a8476c6d",
  "outputs": {},
  "resources": [
    {
      "mode": "managed",
      "type": "local_file",
      "name": "terraform-file",
      "provider": "provider[\"registry.terraform.io/hashicorp/local\"]",
      "instances": [
        {
          "schema_version": 0,
          "attributes": {
            "content": "Testing immutability",
            "content_base64": null,
            "content_base64sha256": "Sw8PVSfXioVlPdrD4TixB49PJcH0QNlhBYUXUvZRUdc=",
            "content_base64sha512": "gG+ov+jQQ6hukjfms924y/D/M4XNaVdIQpeo+rmN6SJ5PERr+o7f/F3Qgo25Yq2eZprwU2+RfaEtFx3oL7ByAQ==",
            "content_md5": "d89bebfcf3380cd2c392cd320418c3a0",
            "content_sha1": "8762f8c5a93a579e2c5c9e6b369ae3b9a2e11175",
            "content_sha256": "4b0f0f5527d78a85653ddac3e138b1078f4f25c1f440d96105851752f65151d7",
            "content_sha512": "806fa8bfe8d043a86e9237e6b3ddb8cbf0ff3385cd6957484297a8fab98de922793c446bfa8edffc5dd0828db962ad9e669af0536f917da12d171de82fb07201",
            "directory_permission": "0777",
            "file_permission": "0777",
            "filename": "test.txt",
            "id": "8762f8c5a93a579e2c5c9e6b369ae3b9a2e11175",
            "sensitive_content": null,
            "source": null
          },
          "sensitive_attributes": [
            [
              {
                "type": "get_attr",
                "value": "sensitive_content"
              }
            ]
          ],
          "identity_schema_version": 0
        }
      ]
    }
  ],
  "check_results": null
}
