{
  "version": 4,
  "terraform_version": "1.12.2",
  "serial": 17,
  "lineage": "320eb21d-e5a7-6a2d-bd54-7ff4bd096f03",
  "outputs": {},
  "resources": [
    {
      "mode": "managed",
      "type": "local_file",
      "name": "terraform-file",
      "provider": "provider[\"registry.terraform.io/hashicorp/local\"]",
      "instances": [
        {
          "index_key": 0,
          "schema_version": 0,
          "attributes": {
            "content": "This is us trying meta arguments",
            "content_base64": null,
            "content_base64sha256": "YSYWL4GmUlrRMOAAuqbpvs6EoS1XolEd7zQCwj6EngU=",
            "content_base64sha512": "VwZ1V8zRz4jR/WDiCEsiVRAj0LoDarZh8dNeMkoMUv1Qu9ak2uj+4DuSDglKPqXMfNh2dkrbC1GkwI+2u4KORQ==",
            "content_md5": "927f8789d37cdb6a9420928854fffc7d",
            "content_sha1": "f4866c2494dcb1cf6f1d24813e7e079f67c0a533",
            "content_sha256": "6126162f81a6525ad130e000baa6e9bece84a12d57a2511def3402c23e849e05",
            "content_sha512": "57067557ccd1cf88d1fd60e2084b22551023d0ba036ab661f1d35e324a0c52fd50bbd6a4dae8fee03b920e094a3ea5cc7cd876764adb0b51a4c08fb6bb828e45",
            "directory_permission": "0777",
            "file_permission": "0777",
            "filename": "dec1",
            "id": "f4866c2494dcb1cf6f1d24813e7e079f67c0a533",
            "sensitive_content": null,
            "source": null
          },
          "sensitive_attributes": [
            [
              {
                "type": "get_attr",
                "value": "sensitive_content"
              }
            ]
          ],
          "identity_schema_version": 0
        },
        {
          "index_key": 1,
          "schema_version": 0,
          "attributes": {
            "content": "This is us trying meta arguments",
            "content_base64": null,
            "content_base64sha256": "YSYWL4GmUlrRMOAAuqbpvs6EoS1XolEd7zQCwj6EngU=",
            "content_base64sha512": "VwZ1V8zRz4jR/WDiCEsiVRAj0LoDarZh8dNeMkoMUv1Qu9ak2uj+4DuSDglKPqXMfNh2dkrbC1GkwI+2u4KORQ==",
            "content_md5": "927f8789d37cdb6a9420928854fffc7d",
            "content_sha1": "f4866c2494dcb1cf6f1d24813e7e079f67c0a533",
            "content_sha256": "6126162f81a6525ad130e000baa6e9bece84a12d57a2511def3402c23e849e05",
            "content_sha512": "57067557ccd1cf88d1fd60e2084b22551023d0ba036ab661f1d35e324a0c52fd50bbd6a4dae8fee03b920e094a3ea5cc7cd876764adb0b51a4c08fb6bb828e45",
            "directory_permission": "0777",
            "file_permission": "0777",
            "filename": "dec2",
            "id": "f4866c2494dcb1cf6f1d24813e7e079f67c0a533",
            "sensitive_content": null,
            "source": null
          },
          "sensitive_attributes": [
            [
              {
                "type": "get_attr",
                "value": "sensitive_content"
              }
            ]
          ],
          "identity_schema_version": 0
        },
        {
          "index_key": 2,
          "schema_version": 0,
          "attributes": {
            "content": "This is us trying meta arguments",
            "content_base64": null,
            "content_base64sha256": "YSYWL4GmUlrRMOAAuqbpvs6EoS1XolEd7zQCwj6EngU=",
            "content_base64sha512": "VwZ1V8zRz4jR/WDiCEsiVRAj0LoDarZh8dNeMkoMUv1Qu9ak2uj+4DuSDglKPqXMfNh2dkrbC1GkwI+2u4KORQ==",
            "content_md5": "927f8789d37cdb6a9420928854fffc7d",
            "content_sha1": "f4866c2494dcb1cf6f1d24813e7e079f67c0a533",
            "content_sha256": "6126162f81a6525ad130e000baa6e9bece84a12d57a2511def3402c23e849e05",
            "content_sha512": "57067557ccd1cf88d1fd60e2084b22551023d0ba036ab661f1d35e324a0c52fd50bbd6a4dae8fee03b920e094a3ea5cc7cd876764adb0b51a4c08fb6bb828e45",
            "directory_permission": "0777",
            "file_permission": "0777",
            "filename": "dec3",
            "id": "f4866c2494dcb1cf6f1d24813e7e079f67c0a533",
            "sensitive_content": null,
            "source": null
          },
          "sensitive_attributes": [
            [
              {
                "type": "get_attr",
                "value": "sensitive_content"
              }
            ]
          ],
          "identity_schema_version": 0
        }
      ]
    }
  ],
  "check_results": null
}
