{
  "version": 4,
  "terraform_version": "1.12.2",
  "serial": 21,
  "lineage": "a3cdadf9-459f-5208-4504-cefc2d40abce",
  "outputs": {},
  "resources": [
    {
      "mode": "managed",
      "type": "local_file",
      "name": "local-file",
      "provider": "provider[\"registry.terraform.io/hashicorp/local\"]",
      "instances": [
        {
          "schema_version": 0,
          "attributes": {
            "content": "Data-Engineering-Teamtest-bucket",
            "content_base64": null,
            "content_base64sha256": "xDykQ8NHTSOLHFc4+xvEBkPLOSIiQT2U4pfhPwTac6k=",
            "content_base64sha512": "mW4vpptm6shqcEd1n+CsKBTP2ikkABt/vl/QCXZ9gW0aGLEfJLLadPcFjpfM6gSM3yoGgE3Cl80u6PyJawE1jg==",
            "content_md5": "5793c0aeb5555c76b3d72f0c87816701",
            "content_sha1": "fbe8fff9c728c079e9b20375ba5297fa369cf259",
            "content_sha256": "c43ca443c3474d238b1c5738fb1bc40643cb392222413d94e297e13f04da73a9",
            "content_sha512": "996e2fa69b66eac86a7047759fe0ac2814cfda2924001b7fbe5fd009767d816d1a18b11f24b2da74f7058e97ccea048cdf2a06804dc297cd2ee8fc896b01358e",
            "directory_permission": "0777",
            "file_permission": "0777",
            "filename": "secretkeyfile",
            "id": "fbe8fff9c728c079e9b20375ba5297fa369cf259",
            "sensitive_content": null,
            "source": null
          },
          "sensitive_attributes": [
            [
              {
                "type": "get_attr",
                "value": "content"
              }
            ],
            [
              {
                "type": "get_attr",
                "value": "sensitive_content"
              }
            ]
          ],
          "identity_schema_version": 0
        }
      ]
    },
    {
      "mode": "managed",
      "type": "random_pet",
      "name": "pet-name",
      "provider": "provider[\"registry.terraform.io/hashicorp/random\"]",
      "instances": [
        {
          "schema_version": 0,
          "attributes": {
            "id": "Mr.skylark",
            "keepers": null,
            "length": 1,
            "prefix": "Mr",
            "separator": "."
          },
          "sensitive_attributes": [],
          "identity_schema_version": 0
        }
      ]
    }
  ],
  "check_results": null
}
