{
  "version": 4,
  "terraform_version": "1.12.2",
  "serial": 8,
  "lineage": "4e85df7e-efcf-69f0-6d20-2760924cf610",
  "outputs": {
    "local_file_id": {
      "value": "493ebbdd02ea94ff3331b3c04e4b09267fddd8b2",
      "type": "string"
    },
    "random_pet_id": {
      "value": "Mr.leopard",
      "type": "string"
    }
  },
  "resources": [
    {
      "mode": "managed",
      "type": "local_file",
      "name": "file",
      "provider": "provider[\"registry.terraform.io/hashicorp/local\"]",
      "instances": [
        {
          "schema_version": 0,
          "attributes": {
            "content": "This is our first content",
            "content_base64": null,
            "content_base64sha256": "EDMNGGudB1jKNGfKM8lTcE8VUgwGkDJkxxFZFyGHpT8=",
            "content_base64sha512": "u8uVlw5IQXNP8UkiXAAmIkGadrkc3IdA6qO9i3hFvK2a+P+6BkYEa7E1hKwjsgq4mC+34suS8g+8sl+d/N7D4A==",
            "content_md5": "46ca59ff7a98a02757e451723e9ef14f",
            "content_sha1": "493ebbdd02ea94ff3331b3c04e4b09267fddd8b2",
            "content_sha256": "10330d186b9d0758ca3467ca33c953704f15520c06903264c71159172187a53f",
            "content_sha512": "bbcb95970e4841734ff149225c002622419a76b91cdc8740eaa3bd8b7845bcad9af8ffba0646046bb13584ac23b20ab8982fb7e2cb92f20fbcb25f9dfcdec3e0",
            "directory_permission": "0777",
            "file_permission": "0777",
            "filename": "file-Mr.leopard",
            "id": "493ebbdd02ea94ff3331b3c04e4b09267fddd8b2",
            "sensitive_content": null,
            "source": null
          },
          "sensitive_attributes": [
            [
              {
                "type": "get_attr",
                "value": "sensitive_content"
              }
            ]
          ],
          "identity_schema_version": 0,
          "dependencies": [
            "random_pet.pet-name"
          ]
        }
      ]
    },
    {
      "mode": "managed",
      "type": "random_pet",
      "name": "pet-name",
      "provider": "provider[\"registry.terraform.io/hashicorp/random\"]",
      "instances": [
        {
          "schema_version": 0,
          "attributes": {
            "id": "Mr.leopard",
            "keepers": null,
            "length": 1,
            "prefix": "Mr",
            "separator": "."
          },
          "sensitive_attributes": [],
          "identity_schema_version": 0
        }
      ]
    }
  ],
  "check_results": null
}
